
Microsoft Visual Studio Solution File, Format Version 12.00
# Visual Studio Version 16
VisualStudioVersion = 16.0.33927.289
MinimumVisualStudioVersion = 10.0.40219.1
Project("{FAE04EC0-301F-11D3-BF4B-00C04F79EFBC}") = "RidgeRacer3DTableTool", "RidgeRacer3DTableTool\RidgeRacer3DTableTool.csproj", "{2D89B5ED-5CA8-4B02-A585-45CD9F646CD3}"
EndProject
Global
	GlobalSection(SolutionConfigurationPlatforms) = preSolution
		Debug|Any CPU = Debug|Any CPU
		Release|Any CPU = Release|Any CPU
	EndGlobalSection
	GlobalSection(ProjectConfigurationPlatforms) = postSolution
		{2D89B5ED-5CA8-4B02-A585-45CD9F646CD3}.Debug|Any CPU.ActiveCfg = Debug|Any CPU
		{2D89B5ED-5CA8-4B02-A585-45CD9F646CD3}.Debug|Any CPU.Build.0 = Debug|Any CPU
		{2D89B5ED-5CA8-4B02-A585-45CD9F646CD3}.Release|Any CPU.ActiveCfg = Release|Any CPU
		{2D89B5ED-5CA8-4B02-A585-45CD9F646CD3}.Release|Any CPU.Build.0 = Release|Any CPU
	EndGlobalSection
	GlobalSection(SolutionProperties) = preSolution
		HideSolutionNode = FALSE
	EndGlobalSection
	GlobalSection(ExtensibilityGlobals) = postSolution
		SolutionGuid = {82F8FAE1-B67E-480B-AF81-98310A128576}
	EndGlobalSection
EndGlobal
